
Microsoft Visual Studio Solution File, Format Version 12.00
# Visual Studio Version 17
VisualStudioVersion = 17.8.34322.80
MinimumVisualStudioVersion = 10.0.40219.1
Project("{FAE04EC0-301F-11D3-BF4B-00C04F79EFBC}") = "Lotto", "Lotto.csproj", "{E08C2B8A-9F50-49F6-B012-97B5D834179E}"
EndProject
Global
	GlobalSection(SolutionConfigurationPlatforms) = preSolution
		Debug|Any CPU = Debug|Any CPU
		Release|Any CPU = Release|Any CPU
	EndGlobalSection
	GlobalSection(ProjectConfigurationPlatforms) = postSolution
		{E08C2B8A-9F50-49F6-B012-97B5D834179E}.Debug|Any CPU.ActiveCfg = Debug|Any CPU
		{E08C2B8A-9F50-49F6-B012-97B5D834179E}.Debug|Any CPU.Build.0 = Debug|Any CPU
		{E08C2B8A-9F50-49F6-B012-97B5D834179E}.Release|Any CPU.ActiveCfg = Release|Any CPU
		{E08C2B8A-9F50-49F6-B012-97B5D834179E}.Release|Any CPU.Build.0 = Release|Any CPU
	EndGlobalSection
	GlobalSection(SolutionProperties) = preSolution
		HideSolutionNode = FALSE
	EndGlobalSection
	GlobalSection(ExtensibilityGlobals) = postSolution
		SolutionGuid = {AF250651-0942-44BC-B84D-483DDD3F829D}
	EndGlobalSection
EndGlobal
